
Microsoft Visual Studio Solution File, Format Version 12.00
# Visual Studio Version 17
VisualStudioVersion = 17.4.33213.308
MinimumVisualStudioVersion = 10.0.40219.1
Project("{FAE04EC0-301F-11D3-BF4B-00C04F79EFBC}") = "set3ex2", "set3ex2\set3ex2.csproj", "{45405251-655B-4BD3-81BB-F86CFAF70D25}"
EndProject
Global
	GlobalSection(SolutionConfigurationPlatforms) = preSolution
		Debug|Any CPU = Debug|Any CPU
		Release|Any CPU = Release|Any CPU
	EndGlobalSection
	GlobalSection(ProjectConfigurationPlatforms) = postSolution
		{45405251-655B-4BD3-81BB-F86CFAF70D25}.Debug|Any CPU.ActiveCfg = Debug|Any CPU
		{45405251-655B-4BD3-81BB-F86CFAF70D25}.Debug|Any CPU.Build.0 = Debug|Any CPU
		{45405251-655B-4BD3-81BB-F86CFAF70D25}.Release|Any CPU.ActiveCfg = Release|Any CPU
		{45405251-655B-4BD3-81BB-F86CFAF70D25}.Release|Any CPU.Build.0 = Release|Any CPU
	EndGlobalSection
	GlobalSection(SolutionProperties) = preSolution
		HideSolutionNode = FALSE
	EndGlobalSection
	GlobalSection(ExtensibilityGlobals) = postSolution
		SolutionGuid = {E1A90AD1-077E-4FA5-93F4-9ABB1405E6FE}
	EndGlobalSection
EndGlobal
